
Microsoft Visual Studio Solution File, Format Version 12.00
# Visual Studio Version 17
VisualStudioVersion = 17.8.34408.163
MinimumVisualStudioVersion = 10.0.40219.1
Project("{9A19103F-16F7-4668-BE54-9A1E7A4F7556}") = "Frontend", "Frontend\Frontend.csproj", "{16E33706-FBA3-4054-99C9-E6BA843B9B79}"
EndProject
Project("{9A19103F-16F7-4668-BE54-9A1E7A4F7556}") = "XUnitTestProject", "XUnitTestProject\XUnitTestProject.csproj", "{E9D98D7E-8CAA-46CB-A83A-6DF06C02BFAD}"
EndProject
Project("{2150E333-8FDC-42A3-9474-1A3956D46DE8}") = "Элементы решения", "Элементы решения", "{36FA824B-7DE1-497D-A887-1166573681FD}"
	ProjectSection(SolutionItems) = preProject
		docker-compose.development.yaml = docker-compose.development.yaml
		docker-compose.yml = docker-compose.yml
	EndProjectSection
EndProject
Project("{2150E333-8FDC-42A3-9474-1A3956D46DE8}") = "Backend", "Backend", "{0E4BCF84-ED15-4B0F-8648-3CB02D172EF4}"
EndProject
Project("{2150E333-8FDC-42A3-9474-1A3956D46DE8}") = "Authorization", "Authorization", "{CBB7805E-B2C5-4FB0-8DB9-93B4E80A264A}"
EndProject
Project("{9A19103F-16F7-4668-BE54-9A1E7A4F7556}") = "Authorization.Api", "Backend\Authorization\Authorization.Api\Authorization.Api.csproj", "{EF8B15EC-01CE-4AA2-8994-4797150DC576}"
EndProject
Project("{9A19103F-16F7-4668-BE54-9A1E7A4F7556}") = "Authorization.Domain", "Backend\Authorization\Authorization.Domain\Authorization.Domain.csproj", "{5AE9B787-91CC-4B83-BF03-15112880D8FF}"
EndProject
Project("{9A19103F-16F7-4668-BE54-9A1E7A4F7556}") = "Authorization.Infrastructure", "Backend\Authorization\Authorization.Infrastructure\Authorization.Infrastructure.csproj", "{00041EE5-A67D-4389-A243-73188EF67B5D}"
EndProject
Project("{2150E333-8FDC-42A3-9474-1A3956D46DE8}") = "ActionLog", "ActionLog", "{366528E4-10C4-4CE2-A0B6-3B3963F0E128}"
EndProject
Project("{FAE04EC0-301F-11D3-BF4B-00C04F79EFBC}") = "ActionLog.Api", "Backend\ActionLog\ActionLog.Api\ActionLog.Api.csproj", "{A171AD31-7CD7-4750-A73A-2A40E09E5258}"
EndProject
Project("{2150E333-8FDC-42A3-9474-1A3956D46DE8}") = "Revolver", "Revolver", "{CB4B8118-1CDF-4BED-A2B8-01229C00A23C}"
EndProject
Project("{FAE04EC0-301F-11D3-BF4B-00C04F79EFBC}") = "Revolver.Api", "Backend\Revolver\Revolver.Api\Revolver.Api.csproj", "{0839C889-0D3F-4004-953C-3F8488EAE256}"
EndProject
Project("{FAE04EC0-301F-11D3-BF4B-00C04F79EFBC}") = "Revolver.Domain", "Backend\Revolver\Revolver.Domain\Revolver.Domain.csproj", "{34F85660-A43D-4871-AF17-ECE91B28AD35}"
EndProject
Global
	GlobalSection(SolutionConfigurationPlatforms) = preSolution
		Debug|Any CPU = Debug|Any CPU
		Release|Any CPU = Release|Any CPU
	EndGlobalSection
	GlobalSection(ProjectConfigurationPlatforms) = postSolution
		{16E33706-FBA3-4054-99C9-E6BA843B9B79}.Debug|Any CPU.ActiveCfg = Debug|Any CPU
		{16E33706-FBA3-4054-99C9-E6BA843B9B79}.Debug|Any CPU.Build.0 = Debug|Any CPU
		{16E33706-FBA3-4054-99C9-E6BA843B9B79}.Release|Any CPU.ActiveCfg = Release|Any CPU
		{16E33706-FBA3-4054-99C9-E6BA843B9B79}.Release|Any CPU.Build.0 = Release|Any CPU
		{E9D98D7E-8CAA-46CB-A83A-6DF06C02BFAD}.Debug|Any CPU.ActiveCfg = Debug|Any CPU
		{E9D98D7E-8CAA-46CB-A83A-6DF06C02BFAD}.Debug|Any CPU.Build.0 = Debug|Any CPU
		{E9D98D7E-8CAA-46CB-A83A-6DF06C02BFAD}.Release|Any CPU.ActiveCfg = Release|Any CPU
		{E9D98D7E-8CAA-46CB-A83A-6DF06C02BFAD}.Release|Any CPU.Build.0 = Release|Any CPU
		{EF8B15EC-01CE-4AA2-8994-4797150DC576}.Debug|Any CPU.ActiveCfg = Debug|Any CPU
		{EF8B15EC-01CE-4AA2-8994-4797150DC576}.Debug|Any CPU.Build.0 = Debug|Any CPU
		{EF8B15EC-01CE-4AA2-8994-4797150DC576}.Release|Any CPU.ActiveCfg = Release|Any CPU
		{EF8B15EC-01CE-4AA2-8994-4797150DC576}.Release|Any CPU.Build.0 = Release|Any CPU
		{5AE9B787-91CC-4B83-BF03-15112880D8FF}.Debug|Any CPU.ActiveCfg = Debug|Any CPU
		{5AE9B787-91CC-4B83-BF03-15112880D8FF}.Debug|Any CPU.Build.0 = Debug|Any CPU
		{5AE9B787-91CC-4B83-BF03-15112880D8FF}.Release|Any CPU.ActiveCfg = Release|Any CPU
		{5AE9B787-91CC-4B83-BF03-15112880D8FF}.Release|Any CPU.Build.0 = Release|Any CPU
		{00041EE5-A67D-4389-A243-73188EF67B5D}.Debug|Any CPU.ActiveCfg = Debug|Any CPU
		{00041EE5-A67D-4389-A243-73188EF67B5D}.Debug|Any CPU.Build.0 = Debug|Any CPU
		{00041EE5-A67D-4389-A243-73188EF67B5D}.Release|Any CPU.ActiveCfg = Release|Any CPU
		{00041EE5-A67D-4389-A243-73188EF67B5D}.Release|Any CPU.Build.0 = Release|Any CPU
		{A171AD31-7CD7-4750-A73A-2A40E09E5258}.Debug|Any CPU.ActiveCfg = Debug|Any CPU
		{A171AD31-7CD7-4750-A73A-2A40E09E5258}.Debug|Any CPU.Build.0 = Debug|Any CPU
		{A171AD31-7CD7-4750-A73A-2A40E09E5258}.Release|Any CPU.ActiveCfg = Release|Any CPU
		{A171AD31-7CD7-4750-A73A-2A40E09E5258}.Release|Any CPU.Build.0 = Release|Any CPU
		{0839C889-0D3F-4004-953C-3F8488EAE256}.Debug|Any CPU.ActiveCfg = Debug|Any CPU
		{0839C889-0D3F-4004-953C-3F8488EAE256}.Debug|Any CPU.Build.0 = Debug|Any CPU
		{0839C889-0D3F-4004-953C-3F8488EAE256}.Release|Any CPU.ActiveCfg = Release|Any CPU
		{0839C889-0D3F-4004-953C-3F8488EAE256}.Release|Any CPU.Build.0 = Release|Any CPU
		{34F85660-A43D-4871-AF17-ECE91B28AD35}.Debug|Any CPU.ActiveCfg = Debug|Any CPU
		{34F85660-A43D-4871-AF17-ECE91B28AD35}.Debug|Any CPU.Build.0 = Debug|Any CPU
		{34F85660-A43D-4871-AF17-ECE91B28AD35}.Release|Any CPU.ActiveCfg = Release|Any CPU
		{34F85660-A43D-4871-AF17-ECE91B28AD35}.Release|Any CPU.Build.0 = Release|Any CPU
	EndGlobalSection
	GlobalSection(SolutionProperties) = preSolution
		HideSolutionNode = FALSE
	EndGlobalSection
	GlobalSection(NestedProjects) = preSolution
		{CBB7805E-B2C5-4FB0-8DB9-93B4E80A264A} = {0E4BCF84-ED15-4B0F-8648-3CB02D172EF4}
		{EF8B15EC-01CE-4AA2-8994-4797150DC576} = {CBB7805E-B2C5-4FB0-8DB9-93B4E80A264A}
		{5AE9B787-91CC-4B83-BF03-15112880D8FF} = {CBB7805E-B2C5-4FB0-8DB9-93B4E80A264A}
		{00041EE5-A67D-4389-A243-73188EF67B5D} = {CBB7805E-B2C5-4FB0-8DB9-93B4E80A264A}
		{366528E4-10C4-4CE2-A0B6-3B3963F0E128} = {0E4BCF84-ED15-4B0F-8648-3CB02D172EF4}
		{A171AD31-7CD7-4750-A73A-2A40E09E5258} = {366528E4-10C4-4CE2-A0B6-3B3963F0E128}
		{CB4B8118-1CDF-4BED-A2B8-01229C00A23C} = {0E4BCF84-ED15-4B0F-8648-3CB02D172EF4}
		{0839C889-0D3F-4004-953C-3F8488EAE256} = {CB4B8118-1CDF-4BED-A2B8-01229C00A23C}
		{34F85660-A43D-4871-AF17-ECE91B28AD35} = {CB4B8118-1CDF-4BED-A2B8-01229C00A23C}
	EndGlobalSection
	GlobalSection(ExtensibilityGlobals) = postSolution
		SolutionGuid = {F2EAD3B1-5A1B-4D39-B4B1-CA5E9BBB15CF}
	EndGlobalSection
EndGlobal
